
Microsoft Visual Studio Solution File, Format Version 12.00
# Visual Studio Version 17
VisualStudioVersion = 17.9.34723.18
MinimumVisualStudioVersion = 10.0.40219.1
Project("{9A19103F-16F7-4668-BE54-9A1E7A4F7556}") = "SLTM.Installer", "SLTM.Installer\SLTM.Installer.csproj", "{125C0F09-830E-4B0F-9FA1-64D7A49C581B}"
EndProject
Global
	GlobalSection(SolutionConfigurationPlatforms) = preSolution
		Debug|Any CPU = Debug|Any CPU
		Release|Any CPU = Release|Any CPU
	EndGlobalSection
	GlobalSection(ProjectConfigurationPlatforms) = postSolution
		{125C0F09-830E-4B0F-9FA1-64D7A49C581B}.Debug|Any CPU.ActiveCfg = Debug|Any CPU
		{125C0F09-830E-4B0F-9FA1-64D7A49C581B}.Debug|Any CPU.Build.0 = Debug|Any CPU
		{125C0F09-830E-4B0F-9FA1-64D7A49C581B}.Release|Any CPU.ActiveCfg = Release|Any CPU
		{125C0F09-830E-4B0F-9FA1-64D7A49C581B}.Release|Any CPU.Build.0 = Release|Any CPU
	EndGlobalSection
	GlobalSection(SolutionProperties) = preSolution
		HideSolutionNode = FALSE
	EndGlobalSection
	GlobalSection(ExtensibilityGlobals) = postSolution
		SolutionGuid = {6158B71B-00C1-4138-97FD-E07A807BB7BB}
	EndGlobalSection
EndGlobal
